
Microsoft Visual Studio Solution File, Format Version 12.00
# Visual Studio Version 16
VisualStudioVersion = 16.0.28922.388
MinimumVisualStudioVersion = 10.0.40219.1
Project("{9A19103F-16F7-4668-BE54-9A1E7A4F7556}") = "Calculations", "Calculations\Calculations.csproj", "{88FE260A-AD46-4F5C-91A6-5A85655BB3D5}"
EndProject
Project("{9A19103F-16F7-4668-BE54-9A1E7A4F7556}") = "Calculations.Test", "Calculations.Test\Calculations.Test.csproj", "{5A1352A4-DA79-4ABD-825B-06C80C746412}"
EndProject
Global
	GlobalSection(SolutionConfigurationPlatforms) = preSolution
		Debug|Any CPU = Debug|Any CPU
		Release|Any CPU = Release|Any CPU
	EndGlobalSection
	GlobalSection(ProjectConfigurationPlatforms) = postSolution
		{88FE260A-AD46-4F5C-91A6-5A85655BB3D5}.Debug|Any CPU.ActiveCfg = Debug|Any CPU
		{88FE260A-AD46-4F5C-91A6-5A85655BB3D5}.Debug|Any CPU.Build.0 = Debug|Any CPU
		{88FE260A-AD46-4F5C-91A6-5A85655BB3D5}.Release|Any CPU.ActiveCfg = Release|Any CPU
		{88FE260A-AD46-4F5C-91A6-5A85655BB3D5}.Release|Any CPU.Build.0 = Release|Any CPU
		{5A1352A4-DA79-4ABD-825B-06C80C746412}.Debug|Any CPU.ActiveCfg = Debug|Any CPU
		{5A1352A4-DA79-4ABD-825B-06C80C746412}.Debug|Any CPU.Build.0 = Debug|Any CPU
		{5A1352A4-DA79-4ABD-825B-06C80C746412}.Release|Any CPU.ActiveCfg = Release|Any CPU
		{5A1352A4-DA79-4ABD-825B-06C80C746412}.Release|Any CPU.Build.0 = Release|Any CPU
	EndGlobalSection
	GlobalSection(SolutionProperties) = preSolution
		HideSolutionNode = FALSE
	EndGlobalSection
	GlobalSection(ExtensibilityGlobals) = postSolution
		SolutionGuid = {2086B8B0-0C27-41F6-AB64-727B221CFF63}
	EndGlobalSection
EndGlobal
